// !$*UTF8*$!
{
	archiveVersion = 1;
	classes = {
	};
	objectVersion = 77;
	objects = {

/* Begin PBXBuildFile section */
		445175C92F201BBA002C1F12 /* CloudKitManager.swift in Sources */ = {isa = PBXBuildFile; fileRef = 445175C82F201BB5002C1F12 /* CloudKitManager.swift */; };
		446713342F0EFD1B00E74A3F /* TransferTrackerApp.swift in Sources */ = {isa = PBXBuildFile; fileRef = 446713322F0EFD1B00E74A3F /* TransferTrackerApp.swift */; };
		4467133A2F0EFD6F00E74A3F /* Models.swift in Sources */ = {isa = PBXBuildFile; fileRef = 446713382F0EFD6F00E74A3F /* Models.swift */; };
		446713492F0EFD7900E74A3F /* UserManagerView.swift in Sources */ = {isa = PBXBuildFile; fileRef = 446713452F0EFD7900E74A3F /* UserManagerView.swift */; };
		4467134A2F0EFD7900E74A3F /* ExportOptionsView.swift in Sources */ = {isa = PBXBuildFile; fileRef = 4467133D2F0EFD7900E74A3F /* ExportOptionsView.swift */; };
		4467134B2F0EFD7900E74A3F /* JoinListView.swift in Sources */ = {isa = PBXBuildFile; fileRef = 446713412F0EFD7900E74A3F /* JoinListView.swift */; };
		4467134C2F0EFD7900E74A3F /* NewListFormView.swift in Sources */ = {isa = PBXBuildFile; fileRef = 446713422F0EFD7900E74A3F /* NewListFormView.swift */; };
		4467134D2F0EFD7900E74A3F /* DashboardView.swift in Sources */ = {isa = PBXBuildFile; fileRef = 4467133B2F0EFD7900E74A3F /* DashboardView.swift */; };
		4467134E2F0EFD7900E74A3F /* ProductFormView.swift in Sources */ = {isa = PBXBuildFile; fileRef = 4467133F2F0EFD7900E74A3F /* ProductFormView.swift */; };
		446713502F0EFD7900E74A3F /* TransferListDetailView.swift in Sources */ = {isa = PBXBuildFile; fileRef = 446713432F0EFD7900E74A3F /* TransferListDetailView.swift */; };
		446713522F0EFDB000E74A3F /* Assets.xcassets in Resources */ = {isa = PBXBuildFile; fileRef = 446713512F0EFDB000E74A3F /* Assets.xcassets */; };
		449D6B672F1ECBB1005FF4A1 /* DebugOverlay.swift in Sources */ = {isa = PBXBuildFile; fileRef = 449D6B662F1ECBAC005FF4A1 /* DebugOverlay.swift */; };
/* End PBXBuildFile section */

/* Begin PBXFileReference section */
		445175C82F201BB5002C1F12 /* CloudKitManager.swift */ = {isa = PBXFileReference; lastKnownFileType = sourcecode.swift; path = CloudKitManager.swift; sourceTree = "<group>"; };
		446713232F0EFC8C00E74A3F /* TransferTracker.app */ = {isa = PBXFileReference; explicitFileType = wrapper.application; includeInIndex = 0; path = TransferTracker.app; sourceTree = BUILT_PRODUCTS_DIR; };
		446713322F0EFD1B00E74A3F /* TransferTrackerApp.swift */ = {isa = PBXFileReference; lastKnownFileType = sourcecode.swift; path = TransferTrackerApp.swift; sourceTree = "<group>"; };
		446713382F0EFD6F00E74A3F /* Models.swift */ = {isa = PBXFileReference; lastKnownFileType = sourcecode.swift; path = Models.swift; sourceTree = "<group>"; };
		4467133B2F0EFD7900E74A3F /* DashboardView.swift */ = {isa = PBXFileReference; lastKnownFileType = sourcecode.swift; path = DashboardView.swift; sourceTree = "<group>"; };
		4467133D2F0EFD7900E74A3F /* ExportOptionsView.swift */ = {isa = PBXFileReference; lastKnownFileType = sourcecode.swift; path = ExportOptionsView.swift; sourceTree = "<group>"; };
		4467133F2F0EFD7900E74A3F /* ProductFormView.swift */ = {isa = PBXFileReference; lastKnownFileType = sourcecode.swift; path = ProductFormView.swift; sourceTree = "<group>"; };
		446713412F0EFD7900E74A3F /* JoinListView.swift */ = {isa = PBXFileReference; lastKnownFileType = sourcecode.swift; path = JoinListView.swift; sourceTree = "<group>"; };
		446713422F0EFD7900E74A3F /* NewListFormView.swift */ = {isa = PBXFileReference; lastKnownFileType = sourcecode.swift; path = NewListFormView.swift; sourceTree = "<group>"; };
		446713432F0EFD7900E74A3F /* TransferListDetailView.swift */ = {isa = PBXFileReference; lastKnownFileType = sourcecode.swift; path = TransferListDetailView.swift; sourceTree = "<group>"; };
		446713452F0EFD7900E74A3F /* UserManagerView.swift */ = {isa = PBXFileReference; lastKnownFileType = sourcecode.swift; path = UserManagerView.swift; sourceTree = "<group>"; };
		446713512F0EFDB000E74A3F /* Assets.xcassets */ = {isa = PBXFileReference; lastKnownFileType = folder.assetcatalog; path = Assets.xcassets; sourceTree = "<group>"; };
		446713562F0EFE0D00E74A3F /* TransferTracker.entitlements */ = {isa = PBXFileReference; lastKnownFileType = text.plist.entitlements; path = TransferTracker.entitlements; sourceTree = "<group>"; };
		449D6B662F1ECBAC005FF4A1 /* DebugOverlay.swift */ = {isa = PBXFileReference; lastKnownFileType = sourcecode.swift; path = DebugOverlay.swift; sourceTree = "<group>"; };
/* End PBXFileReference section */

/* Begin PBXFileSystemSynchronizedBuildFileExceptionSet section */
		446713592F0F054800E74A3F /* Exceptions for "TransferTracker" folder in "TransferTracker" target */ = {
			isa = PBXFileSystemSynchronizedBuildFileExceptionSet;
			membershipExceptions = (
				Info.plist,
			);
			target = 446713222F0EFC8C00E74A3F /* TransferTracker */;
		};
/* End PBXFileSystemSynchronizedBuildFileExceptionSet section */

/* Begin PBXFileSystemSynchronizedRootGroup section */
		446713252F0EFC8C00E74A3F /* TransferTracker */ = {
			isa = PBXFileSystemSynchronizedRootGroup;
			exceptions = (
				446713592F0F054800E74A3F /* Exceptions for "TransferTracker" folder in "TransferTracker" target */,
			);
			path = TransferTracker;
			sourceTree = "<group>";
		};
/* End PBXFileSystemSynchronizedRootGroup section */

/* Begin PBXFrameworksBuildPhase section */
		446713202F0EFC8C00E74A3F /* Frameworks */ = {
			isa = PBXFrameworksBuildPhase;
			buildActionMask = 2147483647;
			files = (
			);
			runOnlyForDeploymentPostprocessing = 0;
		};
/* End PBXFrameworksBuildPhase section */

/* Begin PBXGroup section */
		4467131A2F0EFC8C00E74A3F = {
			isa = PBXGroup;
			children = (
				446713252F0EFC8C00E74A3F /* TransferTracker */,
				446713242F0EFC8C00E74A3F /* Products */,
				446713332F0EFD1B00E74A3F /* App */,
				446713362F0EFD3200E74A3F /* Managers */,
				446713392F0EFD6F00E74A3F /* Models */,
				446713482F0EFD7900E74A3F /* Views */,
				446713512F0EFDB000E74A3F /* Assets.xcassets */,
				446713562F0EFE0D00E74A3F /* TransferTracker.entitlements */,
			);
			sourceTree = "<group>";
		};
		446713242F0EFC8C00E74A3F /* Products */ = {
			isa = PBXGroup;
			children = (
				446713232F0EFC8C00E74A3F /* TransferTracker.app */,
			);
			name = Products;
			sourceTree = "<group>";
		};
		446713332F0EFD1B00E74A3F /* App */ = {
			isa = PBXGroup;
			children = (
				446713322F0EFD1B00E74A3F /* TransferTrackerApp.swift */,
			);
			path = App;
			sourceTree = "<group>";
		};
		446713362F0EFD3200E74A3F /* Managers */ = {
			isa = PBXGroup;
			children = (
				449D6B662F1ECBAC005FF4A1 /* DebugOverlay.swift */,
				445175C82F201BB5002C1F12 /* CloudKitManager.swift */,
			);
			path = Managers;
			sourceTree = "<group>";
		};
		446713392F0EFD6F00E74A3F /* Models */ = {
			isa = PBXGroup;
			children = (
				446713382F0EFD6F00E74A3F /* Models.swift */,
			);
			path = Models;
			sourceTree = "<group>";
		};
		4467133C2F0EFD7900E74A3F /* Dashboard */ = {
			isa = PBXGroup;
			children = (
				4467133B2F0EFD7900E74A3F /* DashboardView.swift */,
			);
			path = Dashboard;
			sourceTree = "<group>";
		};
		4467133E2F0EFD7900E74A3F /* Export */ = {
			isa = PBXGroup;
			children = (
				4467133D2F0EFD7900E74A3F /* ExportOptionsView.swift */,
			);
			path = Export;
			sourceTree = "<group>";
		};
		446713402F0EFD7900E74A3F /* Product */ = {
			isa = PBXGroup;
			children = (
				4467133F2F0EFD7900E74A3F /* ProductFormView.swift */,
			);
			path = Product;
			sourceTree = "<group>";
		};
		446713442F0EFD7900E74A3F /* TransferList */ = {
			isa = PBXGroup;
			children = (
				446713412F0EFD7900E74A3F /* JoinListView.swift */,
				446713422F0EFD7900E74A3F /* NewListFormView.swift */,
				446713432F0EFD7900E74A3F /* TransferListDetailView.swift */,
			);
			path = TransferList;
			sourceTree = "<group>";
		};
		446713462F0EFD7900E74A3F /* User */ = {
			isa = PBXGroup;
			children = (
				446713452F0EFD7900E74A3F /* UserManagerView.swift */,
			);
			path = User;
			sourceTree = "<group>";
		};
		446713482F0EFD7900E74A3F /* Views */ = {
			isa = PBXGroup;
			children = (
				4467133C2F0EFD7900E74A3F /* Dashboard */,
				4467133E2F0EFD7900E74A3F /* Export */,
				446713402F0EFD7900E74A3F /* Product */,
				446713442F0EFD7900E74A3F /* TransferList */,
				446713462F0EFD7900E74A3F /* User */,
			);
			path = Views;
			sourceTree = "<group>";
		};
/* End PBXGroup section */

/* Begin PBXNativeTarget section */
		446713222F0EFC8C00E74A3F /* TransferTracker */ = {
			isa = PBXNativeTarget;
			buildConfigurationList = 4467132E2F0EFC8D00E74A3F /* Build configuration list for PBXNativeTarget "TransferTracker" */;
			buildPhases = (
				4467131F2F0EFC8C00E74A3F /* Sources */,
				446713202F0EFC8C00E74A3F /* Frameworks */,
				446713212F0EFC8C00E74A3F /* Resources */,
			);
			buildRules = (
			);
			dependencies = (
			);
			fileSystemSynchronizedGroups = (
				446713252F0EFC8C00E74A3F /* TransferTracker */,
			);
			name = TransferTracker;
			packageProductDependencies = (
			);
			productName = TransferTracker;
			productReference = 446713232F0EFC8C00E74A3F /* TransferTracker.app */;
			productType = "com.apple.product-type.application";
		};
/* End PBXNativeTarget section */

/* Begin PBXProject section */
		4467131B2F0EFC8C00E74A3F /* Project object */ = {
			isa = PBXProject;
			attributes = {
				BuildIndependentTargetsInParallel = 1;
				LastSwiftUpdateCheck = 2610;
				LastUpgradeCheck = 2610;
				TargetAttributes = {
					446713222F0EFC8C00E74A3F = {
						CreatedOnToolsVersion = 26.1.1;
					};
				};
			};
			buildConfigurationList = 4467131E2F0EFC8C00E74A3F /* Build configuration list for PBXProject "TransferTracker" */;
			developmentRegion = en;
			hasScannedForEncodings = 0;
			knownRegions = (
				en,
				Base,
			);
			mainGroup = 4467131A2F0EFC8C00E74A3F;
			minimizedProjectReferenceProxies = 1;
			preferredProjectObjectVersion = 77;
			productRefGroup = 446713242F0EFC8C00E74A3F /* Products */;
			projectDirPath = "";
			projectRoot = "";
			targets = (
				446713222F0EFC8C00E74A3F /* TransferTracker */,
			);
		};
/* End PBXProject section */

/* Begin PBXResourcesBuildPhase section */
		446713212F0EFC8C00E74A3F /* Resources */ = {
			isa = PBXResourcesBuildPhase;
			buildActionMask = 2147483647;
			files = (
				446713522F0EFDB000E74A3F /* Assets.xcassets in Resources */,
			);
			runOnlyForDeploymentPostprocessing = 0;
		};
/* End PBXResourcesBuildPhase section */

/* Begin PBXSourcesBuildPhase section */
		4467131F2F0EFC8C00E74A3F /* Sources */ = {
			isa = PBXSourcesBuildPhase;
			buildActionMask = 2147483647;
			files = (
				4467133A2F0EFD6F00E74A3F /* Models.swift in Sources */,
				445175C92F201BBA002C1F12 /* CloudKitManager.swift in Sources */,
				446713492F0EFD7900E74A3F /* UserManagerView.swift in Sources */,
				4467134A2F0EFD7900E74A3F /* ExportOptionsView.swift in Sources */,
				4467134B2F0EFD7900E74A3F /* JoinListView.swift in Sources */,
				4467134C2F0EFD7900E74A3F /* NewListFormView.swift in Sources */,
				4467134D2F0EFD7900E74A3F /* DashboardView.swift in Sources */,
				4467134E2F0EFD7900E74A3F /* ProductFormView.swift in Sources */,
				446713502F0EFD7900E74A3F /* TransferListDetailView.swift in Sources */,
				446713342F0EFD1B00E74A3F /* TransferTrackerApp.swift in Sources */,
				449D6B672F1ECBB1005FF4A1 /* DebugOverlay.swift in Sources */,
			);
			runOnlyForDeploymentPostprocessing = 0;
		};
/* End PBXSourcesBuildPhase section */

/* Begin XCBuildConfiguration section */
		4467132C2F0EFC8D00E74A3F /* Debug */ = {
			isa = XCBuildConfiguration;
			buildSettings = {
				ALWAYS_SEARCH_USER_PATHS = NO;
				ASSETCATALOG_COMPILER_GENERATE_SWIFT_ASSET_SYMBOL_EXTENSIONS = YES;
				CLANG_ANALYZER_NONNULL = YES;
				CLANG_ANALYZER_NUMBER_OBJECT_CONVERSION = YES_AGGRESSIVE;
				CLANG_CXX_LANGUAGE_STANDARD = "gnu++20";
				CLANG_ENABLE_MODULES = YES;
				CLANG_ENABLE_OBJC_ARC = YES;
				CLANG_ENABLE_OBJC_WEAK = YES;
				CLANG_WARN_BLOCK_CAPTURE_AUTORELEASING = YES;
				CLANG_WARN_BOOL_CONVERSION = YES;
				CLANG_WARN_COMMA = YES;
				CLANG_WARN_CONSTANT_CONVERSION = YES;
				CLANG_WARN_DEPRECATED_OBJC_IMPLEMENTATIONS = YES;
				CLANG_WARN_DIRECT_OBJC_ISA_USAGE = YES_ERROR;
				CLANG_WARN_DOCUMENTATION_COMMENTS = YES;
				CLANG_WARN_EMPTY_BODY = YES;
				CLANG_WARN_ENUM_CONVERSION = YES;
				CLANG_WARN_INFINITE_RECURSION = YES;
				CLANG_WARN_INT_CONVERSION = YES;
				CLANG_WARN_NON_LITERAL_NULL_CONVERSION = YES;
				CLANG_WARN_OBJC_IMPLICIT_RETAIN_SELF = YES;
				CLANG_WARN_OBJC_LITERAL_CONVERSION = YES;
				CLANG_WARN_OBJC_ROOT_CLASS = YES_ERROR;
				CLANG_WARN_QUOTED_INCLUDE_IN_FRAMEWORK_HEADER = YES;
				CLANG_WARN_RANGE_LOOP_ANALYSIS = YES;
				CLANG_WARN_STRICT_PROTOTYPES = YES;
				CLANG_WARN_SUSPICIOUS_MOVE = YES;
				CLANG_WARN_UNGUARDED_AVAILABILITY = YES_AGGRESSIVE;
				CLANG_WARN_UNREACHABLE_CODE = YES;
				CLANG_WARN__DUPLICATE_METHOD_MATCH = YES;
				COPY_PHASE_STRIP = NO;
				DEBUG_INFORMATION_FORMAT = dwarf;
				DEVELOPMENT_TEAM = 3EY93QVKNV;
				ENABLE_STRICT_OBJC_MSGSEND = YES;
				ENABLE_TESTABILITY = YES;
				ENABLE_USER_SCRIPT_SANDBOXING = YES;
				GCC_C_LANGUAGE_STANDARD = gnu17;
				GCC_DYNAMIC_NO_PIC = NO;
				GCC_NO_COMMON_BLOCKS = YES;
				GCC_OPTIMIZATION_LEVEL = 0;
				GCC_PREPROCESSOR_DEFINITIONS = (
					"DEBUG=1",
					"$(inherited)",
				);
				GCC_WARN_64_TO_32_BIT_CONVERSION = YES;
				GCC_WARN_ABOUT_RETURN_TYPE = YES_ERROR;
				GCC_WARN_UNDECLARED_SELECTOR = YES;
				GCC_WARN_UNINITIALIZED_AUTOS = YES_AGGRESSIVE;
				GCC_WARN_UNUSED_FUNCTION = YES;
				GCC_WARN_UNUSED_VARIABLE = YES;
				IPHONEOS_DEPLOYMENT_TARGET = 26.1;
				LOCALIZATION_PREFERS_STRING_CATALOGS = YES;
				MTL_ENABLE_DEBUG_INFO = INCLUDE_SOURCE;
				MTL_FAST_MATH = YES;
				ONLY_ACTIVE_ARCH = YES;
				SDKROOT = iphoneos;
				SWIFT_ACTIVE_COMPILATION_CONDITIONS = "DEBUG $(inherited)";
				SWIFT_OPTIMIZATION_LEVEL = "-Onone";
			};
			name = Debug;
		};
		4467132D2F0EFC8D00E74A3F /* Release */ = {
			isa = XCBuildConfiguration;
			buildSettings = {
				ALWAYS_SEARCH_USER_PATHS = NO;
				ASSETCATALOG_COMPILER_GENERATE_SWIFT_ASSET_SYMBOL_EXTENSIONS = YES;
				CLANG_ANALYZER_NONNULL = YES;
				CLANG_ANALYZER_NUMBER_OBJECT_CONVERSION = YES_AGGRESSIVE;
				CLANG_CXX_LANGUAGE_STANDARD = "gnu++20";
				CLANG_ENABLE_MODULES = YES;
				CLANG_ENABLE_OBJC_ARC = YES;
				CLANG_ENABLE_OBJC_WEAK = YES;
				CLANG_WARN_BLOCK_CAPTURE_AUTORELEASING = YES;
				CLANG_WARN_BOOL_CONVERSION = YES;
				CLANG_WARN_COMMA = YES;
				CLANG_WARN_CONSTANT_CONVERSION = YES;
				CLANG_WARN_DEPRECATED_OBJC_IMPLEMENTATIONS = YES;
				CLANG_WARN_DIRECT_OBJC_ISA_USAGE = YES_ERROR;
				CLANG_WARN_DOCUMENTATION_COMMENTS = YES;
				CLANG_WARN_EMPTY_BODY = YES;
				CLANG_WARN_ENUM_CONVERSION = YES;
				CLANG_WARN_INFINITE_RECURSION = YES;
				CLANG_WARN_INT_CONVERSION = YES;
				CLANG_WARN_NON_LITERAL_NULL_CONVERSION = YES;
				CLANG_WARN_OBJC_IMPLICIT_RETAIN_SELF = YES;
				CLANG_WARN_OBJC_LITERAL_CONVERSION = YES;
				CLANG_WARN_OBJC_ROOT_CLASS = YES_ERROR;
				CLANG_WARN_QUOTED_INCLUDE_IN_FRAMEWORK_HEADER = YES;
				CLANG_WARN_RANGE_LOOP_ANALYSIS = YES;
				CLANG_WARN_STRICT_PROTOTYPES = YES;
				CLANG_WARN_SUSPICIOUS_MOVE = YES;
				CLANG_WARN_UNGUARDED_AVAILABILITY = YES_AGGRESSIVE;
				CLANG_WARN_UNREACHABLE_CODE = YES;
				CLANG_WARN__DUPLICATE_METHOD_MATCH = YES;
				COPY_PHASE_STRIP = NO;
				DEBUG_INFORMATION_FORMAT = "dwarf-with-dsym";
				DEVELOPMENT_TEAM = 3EY93QVKNV;
				ENABLE_NS_ASSERTIONS = NO;
				ENABLE_STRICT_OBJC_MSGSEND = YES;
				ENABLE_USER_SCRIPT_SANDBOXING = YES;
				GCC_C_LANGUAGE_STANDARD = gnu17;
				GCC_NO_COMMON_BLOCKS = YES;
				GCC_WARN_64_TO_32_BIT_CONVERSION = YES;
				GCC_WARN_ABOUT_RETURN_TYPE = YES_ERROR;
				GCC_WARN_UNDECLARED_SELECTOR = YES;
				GCC_WARN_UNINITIALIZED_AUTOS = YES_AGGRESSIVE;
				GCC_WARN_UNUSED_FUNCTION = YES;
				GCC_WARN_UNUSED_VARIABLE = YES;
				IPHONEOS_DEPLOYMENT_TARGET = 26.1;
				LOCALIZATION_PREFERS_STRING_CATALOGS = YES;
				MTL_ENABLE_DEBUG_INFO = NO;
				MTL_FAST_MATH = YES;
				SDKROOT = iphoneos;
				SWIFT_COMPILATION_MODE = wholemodule;
				VALIDATE_PRODUCT = YES;
			};
			name = Release;
		};
		4467132F2F0EFC8D00E74A3F /* Debug */ = {
			isa = XCBuildConfiguration;
			buildSettings = {
				ASSETCATALOG_COMPILER_APPICON_NAME = AppIcon;
				ASSETCATALOG_COMPILER_GLOBAL_ACCENT_COLOR_NAME = AccentColor;
				CODE_SIGN_ENTITLEMENTS = TransferTracker/TransferTracker.entitlements;
				CODE_SIGN_STYLE = Automatic;
				CURRENT_PROJECT_VERSION = 8;
				DEVELOPMENT_TEAM = 3EY93QVKNV;
				ENABLE_PREVIEWS = YES;
				GENERATE_INFOPLIST_FILE = YES;
				INFOPLIST_FILE = TransferTracker/Info.plist;
				INFOPLIST_KEY_CFBundleDisplayName = "Product Transfer Tracker";
				INFOPLIST_KEY_UIApplicationSceneManifest_Generation = YES;
				INFOPLIST_KEY_UIApplicationSupportsIndirectInputEvents = YES;
				INFOPLIST_KEY_UILaunchScreen_Generation = YES;
				INFOPLIST_KEY_UISupportedInterfaceOrientations_iPad = "UIInterfaceOrientationPortrait UIInterfaceOrientationPortraitUpsideDown UIInterfaceOrientationLandscapeLeft UIInterfaceOrientationLandscapeRight";
				INFOPLIST_KEY_UISupportedInterfaceOrientations_iPhone = "UIInterfaceOrientationPortrait UIInterfaceOrientationLandscapeLeft UIInterfaceOrientationLandscapeRight";
				IPHONEOS_DEPLOYMENT_TARGET = 17.6;
				LD_RUNPATH_SEARCH_PATHS = (
					"$(inherited)",
					"@executable_path/Frameworks",
				);
				MARKETING_VERSION = 1.0;
				PRODUCT_BUNDLE_IDENTIFIER = com.ronakpatel.TransferTracker;
				PRODUCT_NAME = "$(TARGET_NAME)";
				STRING_CATALOG_GENERATE_SYMBOLS = YES;
				SWIFT_APPROACHABLE_CONCURRENCY = YES;
				SWIFT_DEFAULT_ACTOR_ISOLATION = MainActor;
				SWIFT_EMIT_LOC_STRINGS = YES;
				SWIFT_UPCOMING_FEATURE_MEMBER_IMPORT_VISIBILITY = YES;
				SWIFT_VERSION = 5.0;
				TARGETED_DEVICE_FAMILY = "1,2";
			};
			name = Debug;
		};
		446713302F0EFC8D00E74A3F /* Release */ = {
			isa = XCBuildConfiguration;
			buildSettings = {
				ASSETCATALOG_COMPILER_APPICON_NAME = AppIcon;
				ASSETCATALOG_COMPILER_GLOBAL_ACCENT_COLOR_NAME = AccentColor;
				CODE_SIGN_ENTITLEMENTS = TransferTracker/TransferTracker.entitlements;
				CODE_SIGN_STYLE = Automatic;
				CURRENT_PROJECT_VERSION = 8;
				DEVELOPMENT_TEAM = 3EY93QVKNV;
				ENABLE_PREVIEWS = YES;
				GENERATE_INFOPLIST_FILE = YES;
				INFOPLIST_FILE = TransferTracker/Info.plist;
				INFOPLIST_KEY_CFBundleDisplayName = "Product Transfer Tracker";
				INFOPLIST_KEY_UIApplicationSceneManifest_Generation = YES;
				INFOPLIST_KEY_UIApplicationSupportsIndirectInputEvents = YES;
				INFOPLIST_KEY_UILaunchScreen_Generation = YES;
				INFOPLIST_KEY_UISupportedInterfaceOrientations_iPad = "UIInterfaceOrientationPortrait UIInterfaceOrientationPortraitUpsideDown UIInterfaceOrientationLandscapeLeft UIInterfaceOrientationLandscapeRight";
				INFOPLIST_KEY_UISupportedInterfaceOrientations_iPhone = "UIInterfaceOrientationPortrait UIInterfaceOrientationLandscapeLeft UIInterfaceOrientationLandscapeRight";
				IPHONEOS_DEPLOYMENT_TARGET = 17.6;
				LD_RUNPATH_SEARCH_PATHS = (
					"$(inherited)",
					"@executable_path/Frameworks",
				);
				MARKETING_VERSION = 1.0;
				PRODUCT_BUNDLE_IDENTIFIER = com.ronakpatel.TransferTracker;
				PRODUCT_NAME = "$(TARGET_NAME)";
				STRING_CATALOG_GENERATE_SYMBOLS = YES;
				SWIFT_APPROACHABLE_CONCURRENCY = YES;
				SWIFT_DEFAULT_ACTOR_ISOLATION = MainActor;
				SWIFT_EMIT_LOC_STRINGS = YES;
				SWIFT_UPCOMING_FEATURE_MEMBER_IMPORT_VISIBILITY = YES;
				SWIFT_VERSION = 5.0;
				TARGETED_DEVICE_FAMILY = "1,2";
			};
			name = Release;
		};
/* End XCBuildConfiguration section */

/* Begin XCConfigurationList section */
		4467131E2F0EFC8C00E74A3F /* Build configuration list for PBXProject "TransferTracker" */ = {
			isa = XCConfigurationList;
			buildConfigurations = (
				4467132C2F0EFC8D00E74A3F /* Debug */,
				4467132D2F0EFC8D00E74A3F /* Release */,
			);
			defaultConfigurationIsVisible = 0;
			defaultConfigurationName = Release;
		};
		4467132E2F0EFC8D00E74A3F /* Build configuration list for PBXNativeTarget "TransferTracker" */ = {
			isa = XCConfigurationList;
			buildConfigurations = (
				4467132F2F0EFC8D00E74A3F /* Debug */,
				446713302F0EFC8D00E74A3F /* Release */,
			);
			defaultConfigurationIsVisible = 0;
			defaultConfigurationName = Release;
		};
/* End XCConfigurationList section */
	};
	rootObject = 4467131B2F0EFC8C00E74A3F /* Project object */;
}
